
Microsoft Visual Studio Solution File, Format Version 12.00
# Visual Studio Version 17
VisualStudioVersion = 17.3.32901.215
MinimumVisualStudioVersion = 10.0.40219.1
Project("{2150E333-8FDC-42A3-9474-1A3956D46DE8}") = ".Net", ".Net", "{87F0DFE0-E9E8-4A97-8D80-82AE8F99585A}"
EndProject
Project("{2150E333-8FDC-42A3-9474-1A3956D46DE8}") = "NuGet", "NuGet", "{3F621A53-5126-4098-859F-CD26D3258689}"
EndProject
Project("{9A19103F-16F7-4668-BE54-9A1E7A4F7556}") = "Neomaster.Extensions.Exception", ".Net\NuGet\Neomaster.Extensions.Exception\Neomaster.Extensions.Exception.csproj", "{3B20676E-B1DF-4475-994B-0E1C0DEAEA87}"
EndProject
Project("{2150E333-8FDC-42A3-9474-1A3956D46DE8}") = "Tools", "Tools", "{69EB6987-1C49-4B7B-9C18-353B1CF6A46C}"
EndProject
Project("{2150E333-8FDC-42A3-9474-1A3956D46DE8}") = "StyleCop", "StyleCop", "{70C50A18-5940-4354-BE52-404D66F3C826}"
	ProjectSection(SolutionItems) = preProject
		.Net\Tools\StyleCop\StyleCop.json = .Net\Tools\StyleCop\StyleCop.json
		.Net\Tools\StyleCop\StyleCop.props = .Net\Tools\StyleCop\StyleCop.props
		.Net\Tools\StyleCop\StyleCop.ruleset = .Net\Tools\StyleCop\StyleCop.ruleset
	EndProjectSection
EndProject
Project("{2150E333-8FDC-42A3-9474-1A3956D46DE8}") = "Docs", "Docs", "{58534930-A082-42EC-9C3B-A0C8060C8E4B}"
	ProjectSection(SolutionItems) = preProject
		Docs\Connections.md = Docs\Connections.md
		Docs\logo.png = Docs\logo.png
		Docs\Shortcuts.md = Docs\Shortcuts.md
	EndProjectSection
EndProject
Project("{2150E333-8FDC-42A3-9474-1A3956D46DE8}") = "Tests", "Tests", "{B14FE8EE-FD13-4712-ADBB-478FD058CE48}"
	ProjectSection(SolutionItems) = preProject
		.Net\Tests\file-filter.targets = .Net\Tests\file-filter.targets
	EndProjectSection
EndProject
Project("{2150E333-8FDC-42A3-9474-1A3956D46DE8}") = "Solution Items", "Solution Items", "{DDBA7368-2E57-4386-BFF9-A42A734490C9}"
	ProjectSection(SolutionItems) = preProject
		LICENSE.txt = LICENSE.txt
		README.md = README.md
	EndProjectSection
EndProject
Project("{2150E333-8FDC-42A3-9474-1A3956D46DE8}") = "Research", "Research", "{3DB4176B-B73A-4451-AFEC-9C9B66C7B30E}"
EndProject
Project("{9A19103F-16F7-4668-BE54-9A1E7A4F7556}") = "Threads", ".Net\Research\Threads\Threads.csproj", "{FAAA917D-7A48-47FA-98E0-16F80B36B603}"
EndProject
Project("{9A19103F-16F7-4668-BE54-9A1E7A4F7556}") = "TestEngine6", ".Net\Tests\TestEngine6\TestEngine6.csproj", "{CE3E1803-D1B6-4539-BDEE-87393BF20685}"
EndProject
Project("{9A19103F-16F7-4668-BE54-9A1E7A4F7556}") = "Threads.Foreground", ".Net\Research\Threads.Foreground\Threads.Foreground.csproj", "{E81F4D12-E0EB-4F1D-834F-7C2FCBA284D8}"
EndProject
Project("{9A19103F-16F7-4668-BE54-9A1E7A4F7556}") = "Threads.Background", ".Net\Research\Threads.Background\Threads.Background.csproj", "{C1A43ADB-F9BB-4AED-98CB-99EA370ADF41}"
EndProject
Project("{FAE04EC0-301F-11D3-BF4B-00C04F79EFBC}") = "Threads.Abort", ".Net\Research\Threads.Abort\Threads.Abort.csproj", "{334486BF-859C-4FA5-8661-8901B7A041CE}"
EndProject
Project("{FAE04EC0-301F-11D3-BF4B-00C04F79EFBC}") = "Threads.AbortArg", ".Net\Research\Threads.AbortArg\Threads.AbortArg.csproj", "{60B208BD-BA25-45A0-A66E-0AB55E6F0643}"
EndProject
Project("{FAE04EC0-301F-11D3-BF4B-00C04F79EFBC}") = "Threads.Priority", ".Net\Research\Threads.Priority\Threads.Priority.csproj", "{90AECA6B-7505-4974-80F1-9C86F504825B}"
EndProject
Project("{FAE04EC0-301F-11D3-BF4B-00C04F79EFBC}") = "Threads.AffinityParameterized", ".Net\Research\Threads.AffinityParameterized\Threads.AffinityParameterized.csproj", "{AAD1E2CD-156A-4DE7-A965-D7D35B28CF39}"
EndProject
Project("{FAE04EC0-301F-11D3-BF4B-00C04F79EFBC}") = "Threads.AffinityProgrammed", ".Net\Research\Threads.AffinityProgrammed\Threads.AffinityProgrammed.csproj", "{EBA78027-8AAE-454E-836E-8867AA2E878D}"
EndProject
Project("{FAE04EC0-301F-11D3-BF4B-00C04F79EFBC}") = "Threads.SuspendResume", ".Net\Research\Threads.SuspendResume\Threads.SuspendResume.csproj", "{44C041F7-C775-4A17-BD70-5225AB542E0E}"
EndProject
Project("{FAE04EC0-301F-11D3-BF4B-00C04F79EFBC}") = "Threads.SuspendResume.TickTock", ".Net\Research\Threads.SuspendResume.TickTock\Threads.SuspendResume.TickTock.csproj", "{30946C40-EB30-4354-8DCA-933573709D77}"
EndProject
Project("{9A19103F-16F7-4668-BE54-9A1E7A4F7556}") = "Threads.Sync", ".Net\Research\Threads.Sync\Threads.Sync.csproj", "{DF50310D-D766-46B6-A847-CDAF02ABF61A}"
EndProject
Project("{9A19103F-16F7-4668-BE54-9A1E7A4F7556}") = "StandardsTests6", ".Net\Tests\StandardsTests6\StandardsTests6.csproj", "{974A01C2-D87E-4D80-BEFE-F6E11B7242C7}"
EndProject
Project("{FAE04EC0-301F-11D3-BF4B-00C04F79EFBC}") = "Threads.Pool", ".Net\Research\Threads.Pool\Threads.Pool.csproj", "{5B385467-9B9A-4FBC-957C-B3A662786148}"
EndProject
Global
	GlobalSection(SolutionConfigurationPlatforms) = preSolution
		Debug|Any CPU = Debug|Any CPU
		Demo|Any CPU = Demo|Any CPU
		Release|Any CPU = Release|Any CPU
	EndGlobalSection
	GlobalSection(ProjectConfigurationPlatforms) = postSolution
		{3B20676E-B1DF-4475-994B-0E1C0DEAEA87}.Debug|Any CPU.ActiveCfg = Debug|Any CPU
		{3B20676E-B1DF-4475-994B-0E1C0DEAEA87}.Debug|Any CPU.Build.0 = Debug|Any CPU
		{3B20676E-B1DF-4475-994B-0E1C0DEAEA87}.Demo|Any CPU.ActiveCfg = Demo|Any CPU
		{3B20676E-B1DF-4475-994B-0E1C0DEAEA87}.Demo|Any CPU.Build.0 = Demo|Any CPU
		{3B20676E-B1DF-4475-994B-0E1C0DEAEA87}.Release|Any CPU.ActiveCfg = Release|Any CPU
		{3B20676E-B1DF-4475-994B-0E1C0DEAEA87}.Release|Any CPU.Build.0 = Release|Any CPU
		{FAAA917D-7A48-47FA-98E0-16F80B36B603}.Debug|Any CPU.ActiveCfg = Debug|Any CPU
		{FAAA917D-7A48-47FA-98E0-16F80B36B603}.Debug|Any CPU.Build.0 = Debug|Any CPU
		{FAAA917D-7A48-47FA-98E0-16F80B36B603}.Demo|Any CPU.ActiveCfg = Demo|Any CPU
		{FAAA917D-7A48-47FA-98E0-16F80B36B603}.Demo|Any CPU.Build.0 = Demo|Any CPU
		{FAAA917D-7A48-47FA-98E0-16F80B36B603}.Release|Any CPU.ActiveCfg = Release|Any CPU
		{FAAA917D-7A48-47FA-98E0-16F80B36B603}.Release|Any CPU.Build.0 = Release|Any CPU
		{CE3E1803-D1B6-4539-BDEE-87393BF20685}.Debug|Any CPU.ActiveCfg = Debug|Any CPU
		{CE3E1803-D1B6-4539-BDEE-87393BF20685}.Debug|Any CPU.Build.0 = Debug|Any CPU
		{CE3E1803-D1B6-4539-BDEE-87393BF20685}.Demo|Any CPU.ActiveCfg = Demo|Any CPU
		{CE3E1803-D1B6-4539-BDEE-87393BF20685}.Demo|Any CPU.Build.0 = Demo|Any CPU
		{CE3E1803-D1B6-4539-BDEE-87393BF20685}.Release|Any CPU.ActiveCfg = Release|Any CPU
		{CE3E1803-D1B6-4539-BDEE-87393BF20685}.Release|Any CPU.Build.0 = Release|Any CPU
		{E81F4D12-E0EB-4F1D-834F-7C2FCBA284D8}.Debug|Any CPU.ActiveCfg = Debug|Any CPU
		{E81F4D12-E0EB-4F1D-834F-7C2FCBA284D8}.Debug|Any CPU.Build.0 = Debug|Any CPU
		{E81F4D12-E0EB-4F1D-834F-7C2FCBA284D8}.Demo|Any CPU.ActiveCfg = Demo|Any CPU
		{E81F4D12-E0EB-4F1D-834F-7C2FCBA284D8}.Demo|Any CPU.Build.0 = Demo|Any CPU
		{E81F4D12-E0EB-4F1D-834F-7C2FCBA284D8}.Release|Any CPU.ActiveCfg = Release|Any CPU
		{E81F4D12-E0EB-4F1D-834F-7C2FCBA284D8}.Release|Any CPU.Build.0 = Release|Any CPU
		{C1A43ADB-F9BB-4AED-98CB-99EA370ADF41}.Debug|Any CPU.ActiveCfg = Debug|Any CPU
		{C1A43ADB-F9BB-4AED-98CB-99EA370ADF41}.Debug|Any CPU.Build.0 = Debug|Any CPU
		{C1A43ADB-F9BB-4AED-98CB-99EA370ADF41}.Demo|Any CPU.ActiveCfg = Demo|Any CPU
		{C1A43ADB-F9BB-4AED-98CB-99EA370ADF41}.Demo|Any CPU.Build.0 = Demo|Any CPU
		{C1A43ADB-F9BB-4AED-98CB-99EA370ADF41}.Release|Any CPU.ActiveCfg = Release|Any CPU
		{C1A43ADB-F9BB-4AED-98CB-99EA370ADF41}.Release|Any CPU.Build.0 = Release|Any CPU
		{334486BF-859C-4FA5-8661-8901B7A041CE}.Debug|Any CPU.ActiveCfg = Debug|Any CPU
		{334486BF-859C-4FA5-8661-8901B7A041CE}.Debug|Any CPU.Build.0 = Debug|Any CPU
		{334486BF-859C-4FA5-8661-8901B7A041CE}.Demo|Any CPU.ActiveCfg = Demo|Any CPU
		{334486BF-859C-4FA5-8661-8901B7A041CE}.Demo|Any CPU.Build.0 = Demo|Any CPU
		{334486BF-859C-4FA5-8661-8901B7A041CE}.Release|Any CPU.ActiveCfg = Release|Any CPU
		{334486BF-859C-4FA5-8661-8901B7A041CE}.Release|Any CPU.Build.0 = Release|Any CPU
		{60B208BD-BA25-45A0-A66E-0AB55E6F0643}.Debug|Any CPU.ActiveCfg = Debug|Any CPU
		{60B208BD-BA25-45A0-A66E-0AB55E6F0643}.Debug|Any CPU.Build.0 = Debug|Any CPU
		{60B208BD-BA25-45A0-A66E-0AB55E6F0643}.Demo|Any CPU.ActiveCfg = Demo|Any CPU
		{60B208BD-BA25-45A0-A66E-0AB55E6F0643}.Demo|Any CPU.Build.0 = Demo|Any CPU
		{60B208BD-BA25-45A0-A66E-0AB55E6F0643}.Release|Any CPU.ActiveCfg = Release|Any CPU
		{60B208BD-BA25-45A0-A66E-0AB55E6F0643}.Release|Any CPU.Build.0 = Release|Any CPU
		{90AECA6B-7505-4974-80F1-9C86F504825B}.Debug|Any CPU.ActiveCfg = Debug|Any CPU
		{90AECA6B-7505-4974-80F1-9C86F504825B}.Debug|Any CPU.Build.0 = Debug|Any CPU
		{90AECA6B-7505-4974-80F1-9C86F504825B}.Demo|Any CPU.ActiveCfg = Demo|Any CPU
		{90AECA6B-7505-4974-80F1-9C86F504825B}.Demo|Any CPU.Build.0 = Demo|Any CPU
		{90AECA6B-7505-4974-80F1-9C86F504825B}.Release|Any CPU.ActiveCfg = Release|Any CPU
		{90AECA6B-7505-4974-80F1-9C86F504825B}.Release|Any CPU.Build.0 = Release|Any CPU
		{AAD1E2CD-156A-4DE7-A965-D7D35B28CF39}.Debug|Any CPU.ActiveCfg = Debug|Any CPU
		{AAD1E2CD-156A-4DE7-A965-D7D35B28CF39}.Debug|Any CPU.Build.0 = Debug|Any CPU
		{AAD1E2CD-156A-4DE7-A965-D7D35B28CF39}.Demo|Any CPU.ActiveCfg = Demo|Any CPU
		{AAD1E2CD-156A-4DE7-A965-D7D35B28CF39}.Demo|Any CPU.Build.0 = Demo|Any CPU
		{AAD1E2CD-156A-4DE7-A965-D7D35B28CF39}.Release|Any CPU.ActiveCfg = Release|Any CPU
		{AAD1E2CD-156A-4DE7-A965-D7D35B28CF39}.Release|Any CPU.Build.0 = Release|Any CPU
		{EBA78027-8AAE-454E-836E-8867AA2E878D}.Debug|Any CPU.ActiveCfg = Debug|Any CPU
		{EBA78027-8AAE-454E-836E-8867AA2E878D}.Debug|Any CPU.Build.0 = Debug|Any CPU
		{EBA78027-8AAE-454E-836E-8867AA2E878D}.Demo|Any CPU.ActiveCfg = Demo|Any CPU
		{EBA78027-8AAE-454E-836E-8867AA2E878D}.Demo|Any CPU.Build.0 = Demo|Any CPU
		{EBA78027-8AAE-454E-836E-8867AA2E878D}.Release|Any CPU.ActiveCfg = Release|Any CPU
		{EBA78027-8AAE-454E-836E-8867AA2E878D}.Release|Any CPU.Build.0 = Release|Any CPU
		{44C041F7-C775-4A17-BD70-5225AB542E0E}.Debug|Any CPU.ActiveCfg = Debug|Any CPU
		{44C041F7-C775-4A17-BD70-5225AB542E0E}.Debug|Any CPU.Build.0 = Debug|Any CPU
		{44C041F7-C775-4A17-BD70-5225AB542E0E}.Demo|Any CPU.ActiveCfg = Demo|Any CPU
		{44C041F7-C775-4A17-BD70-5225AB542E0E}.Demo|Any CPU.Build.0 = Demo|Any CPU
		{44C041F7-C775-4A17-BD70-5225AB542E0E}.Release|Any CPU.ActiveCfg = Release|Any CPU
		{44C041F7-C775-4A17-BD70-5225AB542E0E}.Release|Any CPU.Build.0 = Release|Any CPU
		{30946C40-EB30-4354-8DCA-933573709D77}.Debug|Any CPU.ActiveCfg = Debug|Any CPU
		{30946C40-EB30-4354-8DCA-933573709D77}.Debug|Any CPU.Build.0 = Debug|Any CPU
		{30946C40-EB30-4354-8DCA-933573709D77}.Demo|Any CPU.ActiveCfg = Demo|Any CPU
		{30946C40-EB30-4354-8DCA-933573709D77}.Demo|Any CPU.Build.0 = Demo|Any CPU
		{30946C40-EB30-4354-8DCA-933573709D77}.Release|Any CPU.ActiveCfg = Release|Any CPU
		{30946C40-EB30-4354-8DCA-933573709D77}.Release|Any CPU.Build.0 = Release|Any CPU
		{DF50310D-D766-46B6-A847-CDAF02ABF61A}.Debug|Any CPU.ActiveCfg = Debug|Any CPU
		{DF50310D-D766-46B6-A847-CDAF02ABF61A}.Debug|Any CPU.Build.0 = Debug|Any CPU
		{DF50310D-D766-46B6-A847-CDAF02ABF61A}.Demo|Any CPU.ActiveCfg = Demo|Any CPU
		{DF50310D-D766-46B6-A847-CDAF02ABF61A}.Demo|Any CPU.Build.0 = Demo|Any CPU
		{DF50310D-D766-46B6-A847-CDAF02ABF61A}.Release|Any CPU.ActiveCfg = Release|Any CPU
		{DF50310D-D766-46B6-A847-CDAF02ABF61A}.Release|Any CPU.Build.0 = Release|Any CPU
		{974A01C2-D87E-4D80-BEFE-F6E11B7242C7}.Debug|Any CPU.ActiveCfg = Debug|Any CPU
		{974A01C2-D87E-4D80-BEFE-F6E11B7242C7}.Debug|Any CPU.Build.0 = Debug|Any CPU
		{974A01C2-D87E-4D80-BEFE-F6E11B7242C7}.Demo|Any CPU.ActiveCfg = Demo|Any CPU
		{974A01C2-D87E-4D80-BEFE-F6E11B7242C7}.Demo|Any CPU.Build.0 = Demo|Any CPU
		{974A01C2-D87E-4D80-BEFE-F6E11B7242C7}.Release|Any CPU.ActiveCfg = Release|Any CPU
		{974A01C2-D87E-4D80-BEFE-F6E11B7242C7}.Release|Any CPU.Build.0 = Release|Any CPU
		{5B385467-9B9A-4FBC-957C-B3A662786148}.Debug|Any CPU.ActiveCfg = Debug|Any CPU
		{5B385467-9B9A-4FBC-957C-B3A662786148}.Debug|Any CPU.Build.0 = Debug|Any CPU
		{5B385467-9B9A-4FBC-957C-B3A662786148}.Demo|Any CPU.ActiveCfg = Demo|Any CPU
		{5B385467-9B9A-4FBC-957C-B3A662786148}.Demo|Any CPU.Build.0 = Demo|Any CPU
		{5B385467-9B9A-4FBC-957C-B3A662786148}.Release|Any CPU.ActiveCfg = Release|Any CPU
		{5B385467-9B9A-4FBC-957C-B3A662786148}.Release|Any CPU.Build.0 = Release|Any CPU
	EndGlobalSection
	GlobalSection(SolutionProperties) = preSolution
		HideSolutionNode = FALSE
	EndGlobalSection
	GlobalSection(NestedProjects) = preSolution
		{3F621A53-5126-4098-859F-CD26D3258689} = {87F0DFE0-E9E8-4A97-8D80-82AE8F99585A}
		{3B20676E-B1DF-4475-994B-0E1C0DEAEA87} = {3F621A53-5126-4098-859F-CD26D3258689}
		{69EB6987-1C49-4B7B-9C18-353B1CF6A46C} = {87F0DFE0-E9E8-4A97-8D80-82AE8F99585A}
		{70C50A18-5940-4354-BE52-404D66F3C826} = {69EB6987-1C49-4B7B-9C18-353B1CF6A46C}
		{B14FE8EE-FD13-4712-ADBB-478FD058CE48} = {87F0DFE0-E9E8-4A97-8D80-82AE8F99585A}
		{3DB4176B-B73A-4451-AFEC-9C9B66C7B30E} = {87F0DFE0-E9E8-4A97-8D80-82AE8F99585A}
		{FAAA917D-7A48-47FA-98E0-16F80B36B603} = {3DB4176B-B73A-4451-AFEC-9C9B66C7B30E}
		{CE3E1803-D1B6-4539-BDEE-87393BF20685} = {B14FE8EE-FD13-4712-ADBB-478FD058CE48}
		{E81F4D12-E0EB-4F1D-834F-7C2FCBA284D8} = {3DB4176B-B73A-4451-AFEC-9C9B66C7B30E}
		{C1A43ADB-F9BB-4AED-98CB-99EA370ADF41} = {3DB4176B-B73A-4451-AFEC-9C9B66C7B30E}
		{334486BF-859C-4FA5-8661-8901B7A041CE} = {3DB4176B-B73A-4451-AFEC-9C9B66C7B30E}
		{60B208BD-BA25-45A0-A66E-0AB55E6F0643} = {3DB4176B-B73A-4451-AFEC-9C9B66C7B30E}
		{90AECA6B-7505-4974-80F1-9C86F504825B} = {3DB4176B-B73A-4451-AFEC-9C9B66C7B30E}
		{AAD1E2CD-156A-4DE7-A965-D7D35B28CF39} = {3DB4176B-B73A-4451-AFEC-9C9B66C7B30E}
		{EBA78027-8AAE-454E-836E-8867AA2E878D} = {3DB4176B-B73A-4451-AFEC-9C9B66C7B30E}
		{44C041F7-C775-4A17-BD70-5225AB542E0E} = {3DB4176B-B73A-4451-AFEC-9C9B66C7B30E}
		{30946C40-EB30-4354-8DCA-933573709D77} = {3DB4176B-B73A-4451-AFEC-9C9B66C7B30E}
		{DF50310D-D766-46B6-A847-CDAF02ABF61A} = {3DB4176B-B73A-4451-AFEC-9C9B66C7B30E}
		{974A01C2-D87E-4D80-BEFE-F6E11B7242C7} = {B14FE8EE-FD13-4712-ADBB-478FD058CE48}
		{5B385467-9B9A-4FBC-957C-B3A662786148} = {3DB4176B-B73A-4451-AFEC-9C9B66C7B30E}
	EndGlobalSection
	GlobalSection(ExtensibilityGlobals) = postSolution
		SolutionGuid = {C84EB52E-FEA7-47C5-BBB2-D25EA66286AC}
	EndGlobalSection
EndGlobal
